
Microsoft Visual Studio Solution File, Format Version 12.00
# Visual Studio Version 17
VisualStudioVersion = 17.14.36804.6 d17.14
MinimumVisualStudioVersion = 10.0.40219.1
Project("{FAE04EC0-301F-11D3-BF4B-00C04F79EFBC}") = "SportsHubBackend", "SportsHubBackend\SportsHubBackend.csproj", "{AE76BB3F-3E3D-4675-BD5D-9D8375066703}"
EndProject
Global
	GlobalSection(SolutionConfigurationPlatforms) = preSolution
		Debug|Any CPU = Debug|Any CPU
		Release|Any CPU = Release|Any CPU
	EndGlobalSection
	GlobalSection(ProjectConfigurationPlatforms) = postSolution
		{AE76BB3F-3E3D-4675-BD5D-9D8375066703}.Debug|Any CPU.ActiveCfg = Debug|Any CPU
		{AE76BB3F-3E3D-4675-BD5D-9D8375066703}.Debug|Any CPU.Build.0 = Debug|Any CPU
		{AE76BB3F-3E3D-4675-BD5D-9D8375066703}.Release|Any CPU.ActiveCfg = Release|Any CPU
		{AE76BB3F-3E3D-4675-BD5D-9D8375066703}.Release|Any CPU.Build.0 = Release|Any CPU
	EndGlobalSection
	GlobalSection(SolutionProperties) = preSolution
		HideSolutionNode = FALSE
	EndGlobalSection
	GlobalSection(ExtensibilityGlobals) = postSolution
		SolutionGuid = {56065101-7595-483F-9056-99B988665D40}
	EndGlobalSection
EndGlobal
